
Microsoft Visual Studio Solution File, Format Version 12.00
# Visual Studio Version 16
VisualStudioVersion = 16.0.31911.196
MinimumVisualStudioVersion = 10.0.40219.1
Project("{FAE04EC0-301F-11D3-BF4B-00C04F79EFBC}") = "B1C_B1C2_LampSchakelaar", "B1C_B1C2_LampSchakelaar.csproj", "{9C0B2359-0FE0-4DF7-A448-782496E4B2D6}"
EndProject
Global
	GlobalSection(SolutionConfigurationPlatforms) = preSolution
		Debug|Any CPU = Debug|Any CPU
		Release|Any CPU = Release|Any CPU
	EndGlobalSection
	GlobalSection(ProjectConfigurationPlatforms) = postSolution
		{9C0B2359-0FE0-4DF7-A448-782496E4B2D6}.Debug|Any CPU.ActiveCfg = Debug|Any CPU
		{9C0B2359-0FE0-4DF7-A448-782496E4B2D6}.Debug|Any CPU.Build.0 = Debug|Any CPU
		{9C0B2359-0FE0-4DF7-A448-782496E4B2D6}.Release|Any CPU.ActiveCfg = Release|Any CPU
		{9C0B2359-0FE0-4DF7-A448-782496E4B2D6}.Release|Any CPU.Build.0 = Release|Any CPU
	EndGlobalSection
	GlobalSection(SolutionProperties) = preSolution
		HideSolutionNode = FALSE
	EndGlobalSection
	GlobalSection(ExtensibilityGlobals) = postSolution
		SolutionGuid = {D8545FFE-5F4B-4A07-A1EB-B8E11442C710}
	EndGlobalSection
EndGlobal
